# This file is generated by running "yarn install" inside your project.
# Manual changes might be lost - proceed with caution!

__metadata:
  version: 4
  cacheKey: 7

"random@npm:^3.0.6":
  version: 3.0.6
  resolution: "random@npm:3.0.6"
  dependencies:
    seedrandom: ^3.0.5
  checksum: f340cfb8c95312cde34a8af79869a701460a50c7b39739402f02f25d0371788bc6a65f1bf194e28737770133b3a6fddcce1da2df339779f1b34a530ab578006f
  languageName: node
  linkType: hard

"seedrandom@npm:^3.0.5":
  version: 3.0.5
  resolution: "seedrandom@npm:3.0.5"
  checksum: 8ca859bd79cc6a4367783f19d802ef4651f957da388f162f45c4e32c4d4df8cb55649b25b9d66cf73f905d920640b8da9ae04418feb40b41c9c7c767a1c49691
  languageName: node
  linkType: hard

"subproject@workspace:.":
  version: 0.0.0-use.local
  resolution: "subproject@workspace:."
  dependencies:
    random: ^3.0.6
    uuid: ^9.0.0
  languageName: unknown
  linkType: soft

"uuid@npm:^9.0.0":
  version: 9.0.0
  resolution: "uuid@npm:9.0.0"
  bin:
    uuid: dist/bin/uuid
  checksum: 5a7f936a25dad15398521ae14412d70b278e1187f108f5c68c5af97138e61cc4c80dbb61ee194756f825e2f1e70d37095b9239b3fdf78f9d892b93ad30085e6a
  languageName: node
  linkType: hard
