# This file is generated by running "yarn install" inside your project.
# Manual changes might be lost - proceed with caution!

__metadata:
  version: 6
  cacheKey: 8

"lodash@npm:4.17.1":
  version: 4.17.1
  resolution: "lodash@npm:4.17.1"
  checksum: 3a4802474142138e898b3a7379a5422fb494a5f17e6a357b21f889221f2c969781b6d67fa5f5dfbaaa5191f103e2c14dd9e483b1c62f21dae1c126e11d9d2cfd
  languageName: node
  linkType: hard

"setup-node-test@workspace:.":
  version: 0.0.0-use.local
  resolution: "setup-node-test@workspace:."
  dependencies:
    lodash: 4.17.1
    uuid: 8.3.0
  languageName: unknown
  linkType: soft

"uuid@npm:8.3.0":
  version: 8.3.0
  resolution: "uuid@npm:8.3.0"
  bin:
    uuid: dist/bin/uuid
  checksum: b539886e6a532ba1efdcc7cee02fd561effef820e1c7b27dd3a13e55b893c6615f38dcf1e6909362c9b5af2a2f2ee8f73868ba284481d49feb820a0e17c8017b
  languageName: node
  linkType: hard
