# THIS IS AN AUTOGENERATED FILE. DO NOT EDIT THIS FILE DIRECTLY.
# yarn lockfile v1


"@akv-demo/pkg1@1.0.1670912381":
  "integrity" "sha512-TP14jn7ufFN7v6j1BAJVABLrCi/VNQKQczMMwm/gBMUKVS9QfdaR6INpHr/mHc9LJLIrmReFQs4jXbY2SSNu9w=="
  "resolved" "https://npm.pkg.github.com/download/@akv-demo/pkg1/1.0.1670912381/f89afff80a3187fd1968cbe26650e3909dfcc900"
  "version" "1.0.1670912381"
