{
  "name": "issue-835",
  "version": "1.0.0",
  "lockfileVersion": 2,
  "requires": true,
  "packages": {
    "": {
      "name": "issue-835",
      "version": "1.0.0",
      "license": "ISC",
      "dependencies": {
        "akv-demo-pkg1": "^1.0.0",
        "font-awesome": "^4.7.0"
      }
    },
    "node_modules/akv-demo-pkg1": {
      "version": "1.0.0",
      "resolved": "https://registry.npmjs.org/akv-demo-pkg1/-/akv-demo-pkg1-1.0.0.tgz",
      "integrity": "sha512-PkG5KifypHmefVeKu+TBUy+llIO47QpXZaGx9pc8fp3jrXL/gmpplSBDFz5uQqI/ijsqGswFxTD0sTd8hV3WXg=="
    },
    "node_modules/font-awesome": {
      "version": "4.7.0",
      "resolved": "https://registry.npmjs.org/font-awesome/-/font-awesome-4.7.0.tgz",
      "integrity": "sha512-U6kGnykA/6bFmg1M/oT9EkFeIYv7JlX3bozwQJWiiLz6L0w3F5vBVPxHlwyX/vtNq1ckcpRKOB9f2Qal/VtFpg==",
      "engines": {
        "node": ">=0.10.3"
      }
    }
  },
  "dependencies": {
    "akv-demo-pkg1": {
      "version": "1.0.0",
      "resolved": "https://registry.npmjs.org/akv-demo-pkg1/-/akv-demo-pkg1-1.0.0.tgz",
      "integrity": "sha512-PkG5KifypHmefVeKu+TBUy+llIO47QpXZaGx9pc8fp3jrXL/gmpplSBDFz5uQqI/ijsqGswFxTD0sTd8hV3WXg=="
    },
    "font-awesome": {
      "version": "4.7.0",
      "resolved": "https://registry.npmjs.org/font-awesome/-/font-awesome-4.7.0.tgz",
      "integrity": "sha512-U6kGnykA/6bFmg1M/oT9EkFeIYv7JlX3bozwQJWiiLz6L0w3F5vBVPxHlwyX/vtNq1ckcpRKOB9f2Qal/VtFpg=="
    }
  }
}
