# This file is generated by running "yarn install" inside your project.
# Manual changes might be lost - proceed with caution!

__metadata:
  version: 6
  cacheKey: 8

"random@npm:^3.0.6":
  version: 3.0.6
  resolution: "random@npm:3.0.6"
  dependencies:
    seedrandom: ^3.0.5
  checksum: 3e900ebadafda77e6e321180e1f813a08adbed35dcc0d283fea4d73ddd82eaabd5aa1c26ce251d6e7e3205650ae5d9210a82be058b03e4607eb3ae53adb8798b
  languageName: node
  linkType: hard

"seedrandom@npm:^3.0.5":
  version: 3.0.5
  resolution: "seedrandom@npm:3.0.5"
  checksum: 728b56bc3bc1b9ddeabd381e449b51cb31bdc0aa86e27fcd0190cea8c44613d5bcb2f6bb63ed79f78180cbe791c20b8ec31a9627f7b7fc7f476fd2bdb7e2da9f
  languageName: node
  linkType: hard

"subproject@workspace:.":
  version: 0.0.0-use.local
  resolution: "subproject@workspace:."
  dependencies:
    random: ^3.0.6
    uuid: ^9.0.0
  languageName: unknown
  linkType: soft

"uuid@npm:^9.0.0":
  version: 9.0.0
  resolution: "uuid@npm:9.0.0"
  bin:
    uuid: dist/bin/uuid
  checksum: 8dd2c83c43ddc7e1c71e36b60aea40030a6505139af6bee0f382ebcd1a56f6cd3028f7f06ffb07f8cf6ced320b76aea275284b224b002b289f89fe89c389b028
  languageName: node
  linkType: hard
