{
  "name": "testpkg1",
  "version": "1.0.0",
  "lockfileVersion": 2,
  "requires": true,
  "packages": {
    "": {
      "name": "testpkg1",
      "version": "1.0.0",
      "license": "ISC",
      "dependencies": {
        "@akvdemo/pkg1": "^1.0.0"
      }
    },
    "node_modules/@akvdemo/pkg1": {
      "version": "1.0.0",
      "resolved": "https://registry.npmjs.org/@akvdemo/pkg1/-/pkg1-1.0.0.tgz",
      "integrity": "sha512-eaLZJuiZpM/d7AhzM1LosULf1qnXYeUxWC6pI6uhbUEnVOKft85enTbyyvu4yXl/wl51bYJlQeL7mUzD8VBbHQ=="
    }
  },
  "dependencies": {
    "@akvdemo/pkg1": {
      "version": "1.0.0",
      "resolved": "https://registry.npmjs.org/@akvdemo/pkg1/-/pkg1-1.0.0.tgz",
      "integrity": "sha512-eaLZJuiZpM/d7AhzM1LosULf1qnXYeUxWC6pI6uhbUEnVOKft85enTbyyvu4yXl/wl51bYJlQeL7mUzD8VBbHQ=="
    }
  }
}
